
Microsoft Visual Studio Solution File, Format Version 12.00
Project("{FAE04EC0-301F-11D3-BF4B-00C04F79EFBC}") = "ExpenseManager-Dotnet-2026", "ExpenseManager-Dotnet-2026.csproj", "{C6DAA40E-3866-4F7F-8AD4-63B14485A219}"
EndProject
Global
	GlobalSection(SolutionConfigurationPlatforms) = preSolution
		Debug|Any CPU = Debug|Any CPU
		Release|Any CPU = Release|Any CPU
	EndGlobalSection
	GlobalSection(ProjectConfigurationPlatforms) = postSolution
		{C6DAA40E-3866-4F7F-8AD4-63B14485A219}.Debug|Any CPU.ActiveCfg = Debug|Any CPU
		{C6DAA40E-3866-4F7F-8AD4-63B14485A219}.Debug|Any CPU.Build.0 = Debug|Any CPU
		{C6DAA40E-3866-4F7F-8AD4-63B14485A219}.Release|Any CPU.ActiveCfg = Release|Any CPU
		{C6DAA40E-3866-4F7F-8AD4-63B14485A219}.Release|Any CPU.Build.0 = Release|Any CPU
	EndGlobalSection
EndGlobal
